// !$*UTF8*$!
{
	archiveVersion = 1;
	classes = {
	};
	objectVersion = 46;
	objects = {

/* Begin PBXBuildFile section */
		2F33622B1CC33B8B00870AE8 /* main.m in Sources */ = {isa = PBXBuildFile; fileRef = 2F33622A1CC33B8B00870AE8 /* main.m */; };
		2F33622E1CC33B8B00870AE8 /* AppDelegate.m in Sources */ = {isa = PBXBuildFile; fileRef = 2F33622D1CC33B8B00870AE8 /* AppDelegate.m */; };
		2F3362341CC33B8B00870AE8 /* Main.storyboard in Resources */ = {isa = PBXBuildFile; fileRef = 2F3362321CC33B8B00870AE8 /* Main.storyboard */; };
		2F3362371CC33B8B00870AE8 /* _2_PreviewUsingDelegate.xcdatamodeld in Sources */ = {isa = PBXBuildFile; fileRef = 2F3362351CC33B8B00870AE8 /* _2_PreviewUsingDelegate.xcdatamodeld */; };
		2F3362391CC33B8B00870AE8 /* Assets.xcassets in Resources */ = {isa = PBXBuildFile; fileRef = 2F3362381CC33B8B00870AE8 /* Assets.xcassets */; };
		2F33623C1CC33B8B00870AE8 /* LaunchScreen.storyboard in Resources */ = {isa = PBXBuildFile; fileRef = 2F33623A1CC33B8B00870AE8 /* LaunchScreen.storyboard */; };
		2F3362471CC33B8B00870AE8 /* _2_PreviewUsingDelegateTests.m in Sources */ = {isa = PBXBuildFile; fileRef = 2F3362461CC33B8B00870AE8 /* _2_PreviewUsingDelegateTests.m */; };
		2F3362521CC33B8B00870AE8 /* _2_PreviewUsingDelegateUITests.m in Sources */ = {isa = PBXBuildFile; fileRef = 2F3362511CC33B8B00870AE8 /* _2_PreviewUsingDelegateUITests.m */; };
		2F3362611CC33C3C00870AE8 /* PreviewDeatilModel.m in Sources */ = {isa = PBXBuildFile; fileRef = 2F3362601CC33C3C00870AE8 /* PreviewDeatilModel.m */; };
		2F3362661CC346A900870AE8 /* SecondViewController.m in Sources */ = {isa = PBXBuildFile; fileRef = 2F3362651CC346A900870AE8 /* SecondViewController.m */; };
		2FB74D2A1CC4A8E600307630 /* FirstTableViewController.m in Sources */ = {isa = PBXBuildFile; fileRef = 2FB74D291CC4A8E600307630 /* FirstTableViewController.m */; };
/* End PBXBuildFile section */

/* Begin PBXContainerItemProxy section */
		2F3362431CC33B8B00870AE8 /* PBXContainerItemProxy */ = {
			isa = PBXContainerItemProxy;
			containerPortal = 2F33621E1CC33B8B00870AE8 /* Project object */;
			proxyType = 1;
			remoteGlobalIDString = 2F3362251CC33B8B00870AE8;
			remoteInfo = "02-PreviewUsingDelegate";
		};
		2F33624E1CC33B8B00870AE8 /* PBXContainerItemProxy */ = {
			isa = PBXContainerItemProxy;
			containerPortal = 2F33621E1CC33B8B00870AE8 /* Project object */;
			proxyType = 1;
			remoteGlobalIDString = 2F3362251CC33B8B00870AE8;
			remoteInfo = "02-PreviewUsingDelegate";
		};
/* End PBXContainerItemProxy section */

/* Begin PBXFileReference section */
		2F3362261CC33B8B00870AE8 /* 02-PreviewUsingDelegate.app */ = {isa = PBXFileReference; explicitFileType = wrapper.application; includeInIndex = 0; path = "02-PreviewUsingDelegate.app"; sourceTree = BUILT_PRODUCTS_DIR; };
		2F33622A1CC33B8B00870AE8 /* main.m */ = {isa = PBXFileReference; lastKnownFileType = sourcecode.c.objc; path = main.m; sourceTree = "<group>"; };
		2F33622C1CC33B8B00870AE8 /* AppDelegate.h */ = {isa = PBXFileReference; lastKnownFileType = sourcecode.c.h; path = AppDelegate.h; sourceTree = "<group>"; };
		2F33622D1CC33B8B00870AE8 /* AppDelegate.m */ = {isa = PBXFileReference; lastKnownFileType = sourcecode.c.objc; path = AppDelegate.m; sourceTree = "<group>"; };
		2F3362331CC33B8B00870AE8 /* Base */ = {isa = PBXFileReference; lastKnownFileType = file.storyboard; name = Base; path = Base.lproj/Main.storyboard; sourceTree = "<group>"; };
		2F3362361CC33B8B00870AE8 /* _2_PreviewUsingDelegate.xcdatamodel */ = {isa = PBXFileReference; lastKnownFileType = wrapper.xcdatamodel; path = _2_PreviewUsingDelegate.xcdatamodel; sourceTree = "<group>"; };
		2F3362381CC33B8B00870AE8 /* Assets.xcassets */ = {isa = PBXFileReference; lastKnownFileType = folder.assetcatalog; path = Assets.xcassets; sourceTree = "<group>"; };
		2F33623B1CC33B8B00870AE8 /* Base */ = {isa = PBXFileReference; lastKnownFileType = file.storyboard; name = Base; path = Base.lproj/LaunchScreen.storyboard; sourceTree = "<group>"; };
		2F33623D1CC33B8B00870AE8 /* Info.plist */ = {isa = PBXFileReference; lastKnownFileType = text.plist.xml; path = Info.plist; sourceTree = "<group>"; };
		2F3362421CC33B8B00870AE8 /* 02-PreviewUsingDelegateTests.xctest */ = {isa = PBXFileReference; explicitFileType = wrapper.cfbundle; includeInIndex = 0; path = "02-PreviewUsingDelegateTests.xctest"; sourceTree = BUILT_PRODUCTS_DIR; };
		2F3362461CC33B8B00870AE8 /* _2_PreviewUsingDelegateTests.m */ = {isa = PBXFileReference; lastKnownFileType = sourcecode.c.objc; path = _2_PreviewUsingDelegateTests.m; sourceTree = "<group>"; };
		2F3362481CC33B8B00870AE8 /* Info.plist */ = {isa = PBXFileReference; lastKnownFileType = text.plist.xml; path = Info.plist; sourceTree = "<group>"; };
		2F33624D1CC33B8B00870AE8 /* 02-PreviewUsingDelegateUITests.xctest */ = {isa = PBXFileReference; explicitFileType = wrapper.cfbundle; includeInIndex = 0; path = "02-PreviewUsingDelegateUITests.xctest"; sourceTree = BUILT_PRODUCTS_DIR; };
		2F3362511CC33B8B00870AE8 /* _2_PreviewUsingDelegateUITests.m */ = {isa = PBXFileReference; lastKnownFileType = sourcecode.c.objc; path = _2_PreviewUsingDelegateUITests.m; sourceTree = "<group>"; };
		2F3362531CC33B8B00870AE8 /* Info.plist */ = {isa = PBXFileReference; lastKnownFileType = text.plist.xml; path = Info.plist; sourceTree = "<group>"; };
		2F33625F1CC33C3C00870AE8 /* PreviewDeatilModel.h */ = {isa = PBXFileReference; fileEncoding = 4; lastKnownFileType = sourcecode.c.h; path = PreviewDeatilModel.h; sourceTree = "<group>"; };
		2F3362601CC33C3C00870AE8 /* PreviewDeatilModel.m */ = {isa = PBXFileReference; fileEncoding = 4; lastKnownFileType = sourcecode.c.objc; path = PreviewDeatilModel.m; sourceTree = "<group>"; };
		2F3362641CC346A900870AE8 /* SecondViewController.h */ = {isa = PBXFileReference; fileEncoding = 4; lastKnownFileType = sourcecode.c.h; path = SecondViewController.h; sourceTree = "<group>"; };
		2F3362651CC346A900870AE8 /* SecondViewController.m */ = {isa = PBXFileReference; fileEncoding = 4; lastKnownFileType = sourcecode.c.objc; path = SecondViewController.m; sourceTree = "<group>"; };
		2FB74D281CC4A8E600307630 /* FirstTableViewController.h */ = {isa = PBXFileReference; fileEncoding = 4; lastKnownFileType = sourcecode.c.h; path = FirstTableViewController.h; sourceTree = "<group>"; };
		2FB74D291CC4A8E600307630 /* FirstTableViewController.m */ = {isa = PBXFileReference; fileEncoding = 4; lastKnownFileType = sourcecode.c.objc; path = FirstTableViewController.m; sourceTree = "<group>"; };
/* End PBXFileReference section */

/* Begin PBXFrameworksBuildPhase section */
		2F3362231CC33B8B00870AE8 /* Frameworks */ = {
			isa = PBXFrameworksBuildPhase;
			buildActionMask = 2147483647;
			files = (
			);
			runOnlyForDeploymentPostprocessing = 0;
		};
		2F33623F1CC33B8B00870AE8 /* Frameworks */ = {
			isa = PBXFrameworksBuildPhase;
			buildActionMask = 2147483647;
			files = (
			);
			runOnlyForDeploymentPostprocessing = 0;
		};
		2F33624A1CC33B8B00870AE8 /* Frameworks */ = {
			isa = PBXFrameworksBuildPhase;
			buildActionMask = 2147483647;
			files = (
			);
			runOnlyForDeploymentPostprocessing = 0;
		};
/* End PBXFrameworksBuildPhase section */

/* Begin PBXGroup section */
		2F33621D1CC33B8B00870AE8 = {
			isa = PBXGroup;
			children = (
				2F3362281CC33B8B00870AE8 /* 02-PreviewUsingDelegate */,
				2F3362451CC33B8B00870AE8 /* 02-PreviewUsingDelegateTests */,
				2F3362501CC33B8B00870AE8 /* 02-PreviewUsingDelegateUITests */,
				2F3362271CC33B8B00870AE8 /* Products */,
			);
			sourceTree = "<group>";
		};
		2F3362271CC33B8B00870AE8 /* Products */ = {
			isa = PBXGroup;
			children = (
				2F3362261CC33B8B00870AE8 /* 02-PreviewUsingDelegate.app */,
				2F3362421CC33B8B00870AE8 /* 02-PreviewUsingDelegateTests.xctest */,
				2F33624D1CC33B8B00870AE8 /* 02-PreviewUsingDelegateUITests.xctest */,
			);
			name = Products;
			sourceTree = "<group>";
		};
		2F3362281CC33B8B00870AE8 /* 02-PreviewUsingDelegate */ = {
			isa = PBXGroup;
			children = (
				2F33622C1CC33B8B00870AE8 /* AppDelegate.h */,
				2F33622D1CC33B8B00870AE8 /* AppDelegate.m */,
				2F33625F1CC33C3C00870AE8 /* PreviewDeatilModel.h */,
				2F3362601CC33C3C00870AE8 /* PreviewDeatilModel.m */,
				2FB74D281CC4A8E600307630 /* FirstTableViewController.h */,
				2FB74D291CC4A8E600307630 /* FirstTableViewController.m */,
				2F3362641CC346A900870AE8 /* SecondViewController.h */,
				2F3362651CC346A900870AE8 /* SecondViewController.m */,
				2F3362321CC33B8B00870AE8 /* Main.storyboard */,
				2F3362381CC33B8B00870AE8 /* Assets.xcassets */,
				2F33623A1CC33B8B00870AE8 /* LaunchScreen.storyboard */,
				2F33623D1CC33B8B00870AE8 /* Info.plist */,
				2F3362351CC33B8B00870AE8 /* _2_PreviewUsingDelegate.xcdatamodeld */,
				2F3362291CC33B8B00870AE8 /* Supporting Files */,
			);
			path = "02-PreviewUsingDelegate";
			sourceTree = "<group>";
		};
		2F3362291CC33B8B00870AE8 /* Supporting Files */ = {
			isa = PBXGroup;
			children = (
				2F33622A1CC33B8B00870AE8 /* main.m */,
			);
			name = "Supporting Files";
			sourceTree = "<group>";
		};
		2F3362451CC33B8B00870AE8 /* 02-PreviewUsingDelegateTests */ = {
			isa = PBXGroup;
			children = (
				2F3362461CC33B8B00870AE8 /* _2_PreviewUsingDelegateTests.m */,
				2F3362481CC33B8B00870AE8 /* Info.plist */,
			);
			path = "02-PreviewUsingDelegateTests";
			sourceTree = "<group>";
		};
		2F3362501CC33B8B00870AE8 /* 02-PreviewUsingDelegateUITests */ = {
			isa = PBXGroup;
			children = (
				2F3362511CC33B8B00870AE8 /* _2_PreviewUsingDelegateUITests.m */,
				2F3362531CC33B8B00870AE8 /* Info.plist */,
			);
			path = "02-PreviewUsingDelegateUITests";
			sourceTree = "<group>";
		};
/* End PBXGroup section */

/* Begin PBXNativeTarget section */
		2F3362251CC33B8B00870AE8 /* 02-PreviewUsingDelegate */ = {
			isa = PBXNativeTarget;
			buildConfigurationList = 2F3362561CC33B8B00870AE8 /* Build configuration list for PBXNativeTarget "02-PreviewUsingDelegate" */;
			buildPhases = (
				2F3362221CC33B8B00870AE8 /* Sources */,
				2F3362231CC33B8B00870AE8 /* Frameworks */,
				2F3362241CC33B8B00870AE8 /* Resources */,
			);
			buildRules = (
			);
			dependencies = (
			);
			name = "02-PreviewUsingDelegate";
			productName = "02-PreviewUsingDelegate";
			productReference = 2F3362261CC33B8B00870AE8 /* 02-PreviewUsingDelegate.app */;
			productType = "com.apple.product-type.application";
		};
		2F3362411CC33B8B00870AE8 /* 02-PreviewUsingDelegateTests */ = {
			isa = PBXNativeTarget;
			buildConfigurationList = 2F3362591CC33B8B00870AE8 /* Build configuration list for PBXNativeTarget "02-PreviewUsingDelegateTests" */;
			buildPhases = (
				2F33623E1CC33B8B00870AE8 /* Sources */,
				2F33623F1CC33B8B00870AE8 /* Frameworks */,
				2F3362401CC33B8B00870AE8 /* Resources */,
			);
			buildRules = (
			);
			dependencies = (
				2F3362441CC33B8B00870AE8 /* PBXTargetDependency */,
			);
			name = "02-PreviewUsingDelegateTests";
			productName = "02-PreviewUsingDelegateTests";
			productReference = 2F3362421CC33B8B00870AE8 /* 02-PreviewUsingDelegateTests.xctest */;
			productType = "com.apple.product-type.bundle.unit-test";
		};
		2F33624C1CC33B8B00870AE8 /* 02-PreviewUsingDelegateUITests */ = {
			isa = PBXNativeTarget;
			buildConfigurationList = 2F33625C1CC33B8B00870AE8 /* Build configuration list for PBXNativeTarget "02-PreviewUsingDelegateUITests" */;
			buildPhases = (
				2F3362491CC33B8B00870AE8 /* Sources */,
				2F33624A1CC33B8B00870AE8 /* Frameworks */,
				2F33624B1CC33B8B00870AE8 /* Resources */,
			);
			buildRules = (
			);
			dependencies = (
				2F33624F1CC33B8B00870AE8 /* PBXTargetDependency */,
			);
			name = "02-PreviewUsingDelegateUITests";
			productName = "02-PreviewUsingDelegateUITests";
			productReference = 2F33624D1CC33B8B00870AE8 /* 02-PreviewUsingDelegateUITests.xctest */;
			productType = "com.apple.product-type.bundle.ui-testing";
		};
/* End PBXNativeTarget section */

/* Begin PBXProject section */
		2F33621E1CC33B8B00870AE8 /* Project object */ = {
			isa = PBXProject;
			attributes = {
				LastUpgradeCheck = 0730;
				ORGANIZATIONNAME = "河南青云信息技术有限公司";
				TargetAttributes = {
					2F3362251CC33B8B00870AE8 = {
						CreatedOnToolsVersion = 7.3;
						DevelopmentTeam = 2SGKS7EYSA;
					};
					2F3362411CC33B8B00870AE8 = {
						CreatedOnToolsVersion = 7.3;
						TestTargetID = 2F3362251CC33B8B00870AE8;
					};
					2F33624C1CC33B8B00870AE8 = {
						CreatedOnToolsVersion = 7.3;
						TestTargetID = 2F3362251CC33B8B00870AE8;
					};
				};
			};
			buildConfigurationList = 2F3362211CC33B8B00870AE8 /* Build configuration list for PBXProject "02-PreviewUsingDelegate" */;
			compatibilityVersion = "Xcode 3.2";
			developmentRegion = English;
			hasScannedForEncodings = 0;
			knownRegions = (
				en,
				Base,
			);
			mainGroup = 2F33621D1CC33B8B00870AE8;
			productRefGroup = 2F3362271CC33B8B00870AE8 /* Products */;
			projectDirPath = "";
			projectRoot = "";
			targets = (
				2F3362251CC33B8B00870AE8 /* 02-PreviewUsingDelegate */,
				2F3362411CC33B8B00870AE8 /* 02-PreviewUsingDelegateTests */,
				2F33624C1CC33B8B00870AE8 /* 02-PreviewUsingDelegateUITests */,
			);
		};
/* End PBXProject section */

/* Begin PBXResourcesBuildPhase section */
		2F3362241CC33B8B00870AE8 /* Resources */ = {
			isa = PBXResourcesBuildPhase;
			buildActionMask = 2147483647;
			files = (
				2F33623C1CC33B8B00870AE8 /* LaunchScreen.storyboard in Resources */,
				2F3362391CC33B8B00870AE8 /* Assets.xcassets in Resources */,
				2F3362341CC33B8B00870AE8 /* Main.storyboard in Resources */,
			);
			runOnlyForDeploymentPostprocessing = 0;
		};
		2F3362401CC33B8B00870AE8 /* Resources */ = {
			isa = PBXResourcesBuildPhase;
			buildActionMask = 2147483647;
			files = (
			);
			runOnlyForDeploymentPostprocessing = 0;
		};
		2F33624B1CC33B8B00870AE8 /* Resources */ = {
			isa = PBXResourcesBuildPhase;
			buildActionMask = 2147483647;
			files = (
			);
			runOnlyForDeploymentPostprocessing = 0;
		};
/* End PBXResourcesBuildPhase section */

/* Begin PBXSourcesBuildPhase section */
		2F3362221CC33B8B00870AE8 /* Sources */ = {
			isa = PBXSourcesBuildPhase;
			buildActionMask = 2147483647;
			files = (
				2FB74D2A1CC4A8E600307630 /* FirstTableViewController.m in Sources */,
				2F3362661CC346A900870AE8 /* SecondViewController.m in Sources */,
				2F3362611CC33C3C00870AE8 /* PreviewDeatilModel.m in Sources */,
				2F33622E1CC33B8B00870AE8 /* AppDelegate.m in Sources */,
				2F33622B1CC33B8B00870AE8 /* main.m in Sources */,
				2F3362371CC33B8B00870AE8 /* _2_PreviewUsingDelegate.xcdatamodeld in Sources */,
			);
			runOnlyForDeploymentPostprocessing = 0;
		};
		2F33623E1CC33B8B00870AE8 /* Sources */ = {
			isa = PBXSourcesBuildPhase;
			buildActionMask = 2147483647;
			files = (
				2F3362471CC33B8B00870AE8 /* _2_PreviewUsingDelegateTests.m in Sources */,
			);
			runOnlyForDeploymentPostprocessing = 0;
		};
		2F3362491CC33B8B00870AE8 /* Sources */ = {
			isa = PBXSourcesBuildPhase;
			buildActionMask = 2147483647;
			files = (
				2F3362521CC33B8B00870AE8 /* _2_PreviewUsingDelegateUITests.m in Sources */,
			);
			runOnlyForDeploymentPostprocessing = 0;
		};
/* End PBXSourcesBuildPhase section */

/* Begin PBXTargetDependency section */
		2F3362441CC33B8B00870AE8 /* PBXTargetDependency */ = {
			isa = PBXTargetDependency;
			target = 2F3362251CC33B8B00870AE8 /* 02-PreviewUsingDelegate */;
			targetProxy = 2F3362431CC33B8B00870AE8 /* PBXContainerItemProxy */;
		};
		2F33624F1CC33B8B00870AE8 /* PBXTargetDependency */ = {
			isa = PBXTargetDependency;
			target = 2F3362251CC33B8B00870AE8 /* 02-PreviewUsingDelegate */;
			targetProxy = 2F33624E1CC33B8B00870AE8 /* PBXContainerItemProxy */;
		};
/* End PBXTargetDependency section */

/* Begin PBXVariantGroup section */
		2F3362321CC33B8B00870AE8 /* Main.storyboard */ = {
			isa = PBXVariantGroup;
			children = (
				2F3362331CC33B8B00870AE8 /* Base */,
			);
			name = Main.storyboard;
			sourceTree = "<group>";
		};
		2F33623A1CC33B8B00870AE8 /* LaunchScreen.storyboard */ = {
			isa = PBXVariantGroup;
			children = (
				2F33623B1CC33B8B00870AE8 /* Base */,
			);
			name = LaunchScreen.storyboard;
			sourceTree = "<group>";
		};
/* End PBXVariantGroup section */

/* Begin XCBuildConfiguration section */
		2F3362541CC33B8B00870AE8 /* Debug */ = {
			isa = XCBuildConfiguration;
			buildSettings = {
				ALWAYS_SEARCH_USER_PATHS = NO;
				CLANG_ANALYZER_NONNULL = YES;
				CLANG_CXX_LANGUAGE_STANDARD = "gnu++0x";
				CLANG_CXX_LIBRARY = "libc++";
				CLANG_ENABLE_MODULES = YES;
				CLANG_ENABLE_OBJC_ARC = YES;
				CLANG_WARN_BOOL_CONVERSION = YES;
				CLANG_WARN_CONSTANT_CONVERSION = YES;
				CLANG_WARN_DIRECT_OBJC_ISA_USAGE = YES_ERROR;
				CLANG_WARN_EMPTY_BODY = YES;
				CLANG_WARN_ENUM_CONVERSION = YES;
				CLANG_WARN_INT_CONVERSION = YES;
				CLANG_WARN_OBJC_ROOT_CLASS = YES_ERROR;
				CLANG_WARN_UNREACHABLE_CODE = YES;
				CLANG_WARN__DUPLICATE_METHOD_MATCH = YES;
				"CODE_SIGN_IDENTITY[sdk=iphoneos*]" = "iPhone Developer";
				COPY_PHASE_STRIP = NO;
				DEBUG_INFORMATION_FORMAT = dwarf;
				ENABLE_STRICT_OBJC_MSGSEND = YES;
				ENABLE_TESTABILITY = YES;
				GCC_C_LANGUAGE_STANDARD = gnu99;
				GCC_DYNAMIC_NO_PIC = NO;
				GCC_NO_COMMON_BLOCKS = YES;
				GCC_OPTIMIZATION_LEVEL = 0;
				GCC_PREPROCESSOR_DEFINITIONS = (
					"DEBUG=1",
					"$(inherited)",
				);
				GCC_WARN_64_TO_32_BIT_CONVERSION = YES;
				GCC_WARN_ABOUT_RETURN_TYPE = YES_ERROR;
				GCC_WARN_UNDECLARED_SELECTOR = YES;
				GCC_WARN_UNINITIALIZED_AUTOS = YES_AGGRESSIVE;
				GCC_WARN_UNUSED_FUNCTION = YES;
				GCC_WARN_UNUSED_VARIABLE = YES;
				IPHONEOS_DEPLOYMENT_TARGET = 9.3;
				MTL_ENABLE_DEBUG_INFO = YES;
				ONLY_ACTIVE_ARCH = YES;
				SDKROOT = iphoneos;
			};
			name = Debug;
		};
		2F3362551CC33B8B00870AE8 /* Release */ = {
			isa = XCBuildConfiguration;
			buildSettings = {
				ALWAYS_SEARCH_USER_PATHS = NO;
				CLANG_ANALYZER_NONNULL = YES;
				CLANG_CXX_LANGUAGE_STANDARD = "gnu++0x";
				CLANG_CXX_LIBRARY = "libc++";
				CLANG_ENABLE_MODULES = YES;
				CLANG_ENABLE_OBJC_ARC = YES;
				CLANG_WARN_BOOL_CONVERSION = YES;
				CLANG_WARN_CONSTANT_CONVERSION = YES;
				CLANG_WARN_DIRECT_OBJC_ISA_USAGE = YES_ERROR;
				CLANG_WARN_EMPTY_BODY = YES;
				CLANG_WARN_ENUM_CONVERSION = YES;
				CLANG_WARN_INT_CONVERSION = YES;
				CLANG_WARN_OBJC_ROOT_CLASS = YES_ERROR;
				CLANG_WARN_UNREACHABLE_CODE = YES;
				CLANG_WARN__DUPLICATE_METHOD_MATCH = YES;
				"CODE_SIGN_IDENTITY[sdk=iphoneos*]" = "iPhone Developer";
				COPY_PHASE_STRIP = NO;
				DEBUG_INFORMATION_FORMAT = "dwarf-with-dsym";
				ENABLE_NS_ASSERTIONS = NO;
				ENABLE_STRICT_OBJC_MSGSEND = YES;
				GCC_C_LANGUAGE_STANDARD = gnu99;
				GCC_NO_COMMON_BLOCKS = YES;
				GCC_WARN_64_TO_32_BIT_CONVERSION = YES;
				GCC_WARN_ABOUT_RETURN_TYPE = YES_ERROR;
				GCC_WARN_UNDECLARED_SELECTOR = YES;
				GCC_WARN_UNINITIALIZED_AUTOS = YES_AGGRESSIVE;
				GCC_WARN_UNUSED_FUNCTION = YES;
				GCC_WARN_UNUSED_VARIABLE = YES;
				IPHONEOS_DEPLOYMENT_TARGET = 9.3;
				MTL_ENABLE_DEBUG_INFO = NO;
				SDKROOT = iphoneos;
				VALIDATE_PRODUCT = YES;
			};
			name = Release;
		};
		2F3362571CC33B8B00870AE8 /* Debug */ = {
			isa = XCBuildConfiguration;
			buildSettings = {
				ASSETCATALOG_COMPILER_APPICON_NAME = AppIcon;
				CODE_SIGN_IDENTITY = "iPhone Developer: 锦亮 王 (2M6RN99DTA)";
				"CODE_SIGN_IDENTITY[sdk=iphoneos*]" = "iPhone Developer";
				INFOPLIST_FILE = "02-PreviewUsingDelegate/Info.plist";
				IPHONEOS_DEPLOYMENT_TARGET = 9.0;
				LD_RUNPATH_SEARCH_PATHS = "$(inherited) @executable_path/Frameworks";
				PRODUCT_BUNDLE_IDENTIFIER = "com.hnqingyun.2-PreviewUsingDelegate";
				PRODUCT_NAME = "$(TARGET_NAME)";
				PROVISIONING_PROFILE = "4cc0a497-d57e-4361-aaad-619882c92e25";
			};
			name = Debug;
		};
		2F3362581CC33B8B00870AE8 /* Release */ = {
			isa = XCBuildConfiguration;
			buildSettings = {
				ASSETCATALOG_COMPILER_APPICON_NAME = AppIcon;
				CODE_SIGN_IDENTITY = "iPhone Developer: 锦亮 王 (2M6RN99DTA)";
				"CODE_SIGN_IDENTITY[sdk=iphoneos*]" = "iPhone Developer";
				INFOPLIST_FILE = "02-PreviewUsingDelegate/Info.plist";
				IPHONEOS_DEPLOYMENT_TARGET = 9.0;
				LD_RUNPATH_SEARCH_PATHS = "$(inherited) @executable_path/Frameworks";
				PRODUCT_BUNDLE_IDENTIFIER = "com.hnqingyun.2-PreviewUsingDelegate";
				PRODUCT_NAME = "$(TARGET_NAME)";
				PROVISIONING_PROFILE = "4cc0a497-d57e-4361-aaad-619882c92e25";
			};
			name = Release;
		};
		2F33625A1CC33B8B00870AE8 /* Debug */ = {
			isa = XCBuildConfiguration;
			buildSettings = {
				BUNDLE_LOADER = "$(TEST_HOST)";
				INFOPLIST_FILE = "02-PreviewUsingDelegateTests/Info.plist";
				LD_RUNPATH_SEARCH_PATHS = "$(inherited) @executable_path/Frameworks @loader_path/Frameworks";
				PRODUCT_BUNDLE_IDENTIFIER = "com.hnqingyun.-2-PreviewUsingDelegateTests";
				PRODUCT_NAME = "$(TARGET_NAME)";
				TEST_HOST = "$(BUILT_PRODUCTS_DIR)/02-PreviewUsingDelegate.app/02-PreviewUsingDelegate";
			};
			name = Debug;
		};
		2F33625B1CC33B8B00870AE8 /* Release */ = {
			isa = XCBuildConfiguration;
			buildSettings = {
				BUNDLE_LOADER = "$(TEST_HOST)";
				INFOPLIST_FILE = "02-PreviewUsingDelegateTests/Info.plist";
				LD_RUNPATH_SEARCH_PATHS = "$(inherited) @executable_path/Frameworks @loader_path/Frameworks";
				PRODUCT_BUNDLE_IDENTIFIER = "com.hnqingyun.-2-PreviewUsingDelegateTests";
				PRODUCT_NAME = "$(TARGET_NAME)";
				TEST_HOST = "$(BUILT_PRODUCTS_DIR)/02-PreviewUsingDelegate.app/02-PreviewUsingDelegate";
			};
			name = Release;
		};
		2F33625D1CC33B8B00870AE8 /* Debug */ = {
			isa = XCBuildConfiguration;
			buildSettings = {
				INFOPLIST_FILE = "02-PreviewUsingDelegateUITests/Info.plist";
				LD_RUNPATH_SEARCH_PATHS = "$(inherited) @executable_path/Frameworks @loader_path/Frameworks";
				PRODUCT_BUNDLE_IDENTIFIER = "com.hnqingyun.-2-PreviewUsingDelegateUITests";
				PRODUCT_NAME = "$(TARGET_NAME)";
				TEST_TARGET_NAME = "02-PreviewUsingDelegate";
			};
			name = Debug;
		};
		2F33625E1CC33B8B00870AE8 /* Release */ = {
			isa = XCBuildConfiguration;
			buildSettings = {
				INFOPLIST_FILE = "02-PreviewUsingDelegateUITests/Info.plist";
				LD_RUNPATH_SEARCH_PATHS = "$(inherited) @executable_path/Frameworks @loader_path/Frameworks";
				PRODUCT_BUNDLE_IDENTIFIER = "com.hnqingyun.-2-PreviewUsingDelegateUITests";
				PRODUCT_NAME = "$(TARGET_NAME)";
				TEST_TARGET_NAME = "02-PreviewUsingDelegate";
			};
			name = Release;
		};
/* End XCBuildConfiguration section */

/* Begin XCConfigurationList section */
		2F3362211CC33B8B00870AE8 /* Build configuration list for PBXProject "02-PreviewUsingDelegate" */ = {
			isa = XCConfigurationList;
			buildConfigurations = (
				2F3362541CC33B8B00870AE8 /* Debug */,
				2F3362551CC33B8B00870AE8 /* Release */,
			);
			defaultConfigurationIsVisible = 0;
			defaultConfigurationName = Release;
		};
		2F3362561CC33B8B00870AE8 /* Build configuration list for PBXNativeTarget "02-PreviewUsingDelegate" */ = {
			isa = XCConfigurationList;
			buildConfigurations = (
				2F3362571CC33B8B00870AE8 /* Debug */,
				2F3362581CC33B8B00870AE8 /* Release */,
			);
			defaultConfigurationIsVisible = 0;
			defaultConfigurationName = Release;
		};
		2F3362591CC33B8B00870AE8 /* Build configuration list for PBXNativeTarget "02-PreviewUsingDelegateTests" */ = {
			isa = XCConfigurationList;
			buildConfigurations = (
				2F33625A1CC33B8B00870AE8 /* Debug */,
				2F33625B1CC33B8B00870AE8 /* Release */,
			);
			defaultConfigurationIsVisible = 0;
			defaultConfigurationName = Release;
		};
		2F33625C1CC33B8B00870AE8 /* Build configuration list for PBXNativeTarget "02-PreviewUsingDelegateUITests" */ = {
			isa = XCConfigurationList;
			buildConfigurations = (
				2F33625D1CC33B8B00870AE8 /* Debug */,
				2F33625E1CC33B8B00870AE8 /* Release */,
			);
			defaultConfigurationIsVisible = 0;
			defaultConfigurationName = Release;
		};
/* End XCConfigurationList section */

/* Begin XCVersionGroup section */
		2F3362351CC33B8B00870AE8 /* _2_PreviewUsingDelegate.xcdatamodeld */ = {
			isa = XCVersionGroup;
			children = (
				2F3362361CC33B8B00870AE8 /* _2_PreviewUsingDelegate.xcdatamodel */,
			);
			currentVersion = 2F3362361CC33B8B00870AE8 /* _2_PreviewUsingDelegate.xcdatamodel */;
			path = _2_PreviewUsingDelegate.xcdatamodeld;
			sourceTree = "<group>";
			versionGroupType = wrapper.xcdatamodel;
		};
/* End XCVersionGroup section */
	};
	rootObject = 2F33621E1CC33B8B00870AE8 /* Project object */;
}
